// !$*UTF8*$!
{
	archiveVersion = 1;
	classes = {
	};
	objectVersion = 46;
	objects = {

/* Begin PBXBuildFile section */
		A8B681171F216DBB004ECE68 /* AppDelegate.swift in Sources */ = {isa = PBXBuildFile; fileRef = A8B681161F216DBB004ECE68 /* AppDelegate.swift */; };
		A8B681191F216DBB004ECE68 /* ViewController.swift in Sources */ = {isa = PBXBuildFile; fileRef = A8B681181F216DBB004ECE68 /* ViewController.swift */; };
		A8B6811C1F216DBB004ECE68 /* Main.storyboard in Resources */ = {isa = PBXBuildFile; fileRef = A8B6811A1F216DBB004ECE68 /* Main.storyboard */; };
		A8B6811E1F216DBB004ECE68 /* Assets.xcassets in Resources */ = {isa = PBXBuildFile; fileRef = A8B6811D1F216DBB004ECE68 /* Assets.xcassets */; };
		A8B681211F216DBB004ECE68 /* LaunchScreen.storyboard in Resources */ = {isa = PBXBuildFile; fileRef = A8B6811F1F216DBB004ECE68 /* LaunchScreen.storyboard */; };
		D1E6DC801F293929005FD47C /* AdSupport.framework in Frameworks */ = {isa = PBXBuildFile; fileRef = D1E6DC7F1F293929005FD47C /* AdSupport.framework */; };
		D1E6DC821F293932005FD47C /* AudioToolbox.framework in Frameworks */ = {isa = PBXBuildFile; fileRef = D1E6DC811F293932005FD47C /* AudioToolbox.framework */; };
		D1E6DC841F29393C005FD47C /* AVFoundation.framework in Frameworks */ = {isa = PBXBuildFile; fileRef = D1E6DC831F29393C005FD47C /* AVFoundation.framework */; };
		D1E6DC861F293944005FD47C /* CFNetwork.framework in Frameworks */ = {isa = PBXBuildFile; fileRef = D1E6DC851F293944005FD47C /* CFNetwork.framework */; };
		D1E6DC881F29394B005FD47C /* CoreGraphics.framework in Frameworks */ = {isa = PBXBuildFile; fileRef = D1E6DC871F29394B005FD47C /* CoreGraphics.framework */; };
		D1E6DC8A1F293953005FD47C /* CoreMedia.framework in Frameworks */ = {isa = PBXBuildFile; fileRef = D1E6DC891F293953005FD47C /* CoreMedia.framework */; };
		D1E6DC8C1F29395B005FD47C /* Foundation.framework in Frameworks */ = {isa = PBXBuildFile; fileRef = D1E6DC8B1F29395B005FD47C /* Foundation.framework */; };
		D1E6DC8E1F29396E005FD47C /* libz.tbd in Frameworks */ = {isa = PBXBuildFile; fileRef = D1E6DC8D1F29396E005FD47C /* libz.tbd */; };
		D1E6DC901F29397D005FD47C /* libsqlite3.tbd in Frameworks */ = {isa = PBXBuildFile; fileRef = D1E6DC8F1F29397D005FD47C /* libsqlite3.tbd */; };
		D1E6DC921F293986005FD47C /* MediaPlayer.framework in Frameworks */ = {isa = PBXBuildFile; fileRef = D1E6DC911F293986005FD47C /* MediaPlayer.framework */; };
		D1E6DC941F29398D005FD47C /* QuartzCore.framework in Frameworks */ = {isa = PBXBuildFile; fileRef = D1E6DC931F29398D005FD47C /* QuartzCore.framework */; };
		D1E6DC961F293994005FD47C /* StoreKit.framework in Frameworks */ = {isa = PBXBuildFile; fileRef = D1E6DC951F293994005FD47C /* StoreKit.framework */; };
		D1E6DC981F29399E005FD47C /* SystemConfiguration.framework in Frameworks */ = {isa = PBXBuildFile; fileRef = D1E6DC971F29399E005FD47C /* SystemConfiguration.framework */; };
		D1E6DC9A1F2939A8005FD47C /* UIKit.framework in Frameworks */ = {isa = PBXBuildFile; fileRef = D1E6DC991F2939A8005FD47C /* UIKit.framework */; };
		D1E6DC9C1F2939AF005FD47C /* WebKit.framework in Frameworks */ = {isa = PBXBuildFile; fileRef = D1E6DC9B1F2939AF005FD47C /* WebKit.framework */; };
		DB9D6CF0208A6FC0008A9AF4 /* VungleSDK.framework in Frameworks */ = {isa = PBXBuildFile; fileRef = DB9D6CEF208A6FC0008A9AF4 /* VungleSDK.framework */; };
/* End PBXBuildFile section */

/* Begin PBXFileReference section */
		A832605B1F2592A800C230EA /* Vungle Sample App Swift-Bridging-Header.h */ = {isa = PBXFileReference; lastKnownFileType = sourcecode.c.h; path = "Vungle Sample App Swift-Bridging-Header.h"; sourceTree = "<group>"; };
		A8B681131F216DBB004ECE68 /* Vungle Sample App Swift.app */ = {isa = PBXFileReference; explicitFileType = wrapper.application; includeInIndex = 0; path = "Vungle Sample App Swift.app"; sourceTree = BUILT_PRODUCTS_DIR; };
		A8B681161F216DBB004ECE68 /* AppDelegate.swift */ = {isa = PBXFileReference; lastKnownFileType = sourcecode.swift; path = AppDelegate.swift; sourceTree = "<group>"; };
		A8B681181F216DBB004ECE68 /* ViewController.swift */ = {isa = PBXFileReference; lastKnownFileType = sourcecode.swift; path = ViewController.swift; sourceTree = "<group>"; };
		A8B6811B1F216DBB004ECE68 /* Base */ = {isa = PBXFileReference; lastKnownFileType = file.storyboard; name = Base; path = Base.lproj/Main.storyboard; sourceTree = "<group>"; };
		A8B6811D1F216DBB004ECE68 /* Assets.xcassets */ = {isa = PBXFileReference; lastKnownFileType = folder.assetcatalog; path = Assets.xcassets; sourceTree = "<group>"; };
		A8B681201F216DBB004ECE68 /* Base */ = {isa = PBXFileReference; lastKnownFileType = file.storyboard; name = Base; path = Base.lproj/LaunchScreen.storyboard; sourceTree = "<group>"; };
		A8B681221F216DBB004ECE68 /* Info.plist */ = {isa = PBXFileReference; lastKnownFileType = text.plist.xml; path = Info.plist; sourceTree = "<group>"; };
		D1E6DC7F1F293929005FD47C /* AdSupport.framework */ = {isa = PBXFileReference; lastKnownFileType = wrapper.framework; name = AdSupport.framework; path = System/Library/Frameworks/AdSupport.framework; sourceTree = SDKROOT; };
		D1E6DC811F293932005FD47C /* AudioToolbox.framework */ = {isa = PBXFileReference; lastKnownFileType = wrapper.framework; name = AudioToolbox.framework; path = System/Library/Frameworks/AudioToolbox.framework; sourceTree = SDKROOT; };
		D1E6DC831F29393C005FD47C /* AVFoundation.framework */ = {isa = PBXFileReference; lastKnownFileType = wrapper.framework; name = AVFoundation.framework; path = System/Library/Frameworks/AVFoundation.framework; sourceTree = SDKROOT; };
		D1E6DC851F293944005FD47C /* CFNetwork.framework */ = {isa = PBXFileReference; lastKnownFileType = wrapper.framework; name = CFNetwork.framework; path = System/Library/Frameworks/CFNetwork.framework; sourceTree = SDKROOT; };
		D1E6DC871F29394B005FD47C /* CoreGraphics.framework */ = {isa = PBXFileReference; lastKnownFileType = wrapper.framework; name = CoreGraphics.framework; path = System/Library/Frameworks/CoreGraphics.framework; sourceTree = SDKROOT; };
		D1E6DC891F293953005FD47C /* CoreMedia.framework */ = {isa = PBXFileReference; lastKnownFileType = wrapper.framework; name = CoreMedia.framework; path = System/Library/Frameworks/CoreMedia.framework; sourceTree = SDKROOT; };
		D1E6DC8B1F29395B005FD47C /* Foundation.framework */ = {isa = PBXFileReference; lastKnownFileType = wrapper.framework; name = Foundation.framework; path = System/Library/Frameworks/Foundation.framework; sourceTree = SDKROOT; };
		D1E6DC8D1F29396E005FD47C /* libz.tbd */ = {isa = PBXFileReference; lastKnownFileType = "sourcecode.text-based-dylib-definition"; name = libz.tbd; path = usr/lib/libz.tbd; sourceTree = SDKROOT; };
		D1E6DC8F1F29397D005FD47C /* libsqlite3.tbd */ = {isa = PBXFileReference; lastKnownFileType = "sourcecode.text-based-dylib-definition"; name = libsqlite3.tbd; path = usr/lib/libsqlite3.tbd; sourceTree = SDKROOT; };
		D1E6DC911F293986005FD47C /* MediaPlayer.framework */ = {isa = PBXFileReference; lastKnownFileType = wrapper.framework; name = MediaPlayer.framework; path = System/Library/Frameworks/MediaPlayer.framework; sourceTree = SDKROOT; };
		D1E6DC931F29398D005FD47C /* QuartzCore.framework */ = {isa = PBXFileReference; lastKnownFileType = wrapper.framework; name = QuartzCore.framework; path = System/Library/Frameworks/QuartzCore.framework; sourceTree = SDKROOT; };
		D1E6DC951F293994005FD47C /* StoreKit.framework */ = {isa = PBXFileReference; lastKnownFileType = wrapper.framework; name = StoreKit.framework; path = System/Library/Frameworks/StoreKit.framework; sourceTree = SDKROOT; };
		D1E6DC971F29399E005FD47C /* SystemConfiguration.framework */ = {isa = PBXFileReference; lastKnownFileType = wrapper.framework; name = SystemConfiguration.framework; path = System/Library/Frameworks/SystemConfiguration.framework; sourceTree = SDKROOT; };
		D1E6DC991F2939A8005FD47C /* UIKit.framework */ = {isa = PBXFileReference; lastKnownFileType = wrapper.framework; name = UIKit.framework; path = System/Library/Frameworks/UIKit.framework; sourceTree = SDKROOT; };
		D1E6DC9B1F2939AF005FD47C /* WebKit.framework */ = {isa = PBXFileReference; lastKnownFileType = wrapper.framework; name = WebKit.framework; path = System/Library/Frameworks/WebKit.framework; sourceTree = SDKROOT; };
		DB9D6CEF208A6FC0008A9AF4 /* VungleSDK.framework */ = {isa = PBXFileReference; lastKnownFileType = wrapper.framework; path = VungleSDK.framework; sourceTree = "<group>"; };
/* End PBXFileReference section */

/* Begin PBXFrameworksBuildPhase section */
		A8B681101F216DBB004ECE68 /* Frameworks */ = {
			isa = PBXFrameworksBuildPhase;
			buildActionMask = 2147483647;
			files = (
				D1E6DC9C1F2939AF005FD47C /* WebKit.framework in Frameworks */,
				D1E6DC9A1F2939A8005FD47C /* UIKit.framework in Frameworks */,
				DB9D6CF0208A6FC0008A9AF4 /* VungleSDK.framework in Frameworks */,
				D1E6DC981F29399E005FD47C /* SystemConfiguration.framework in Frameworks */,
				D1E6DC961F293994005FD47C /* StoreKit.framework in Frameworks */,
				D1E6DC941F29398D005FD47C /* QuartzCore.framework in Frameworks */,
				D1E6DC921F293986005FD47C /* MediaPlayer.framework in Frameworks */,
				D1E6DC901F29397D005FD47C /* libsqlite3.tbd in Frameworks */,
				D1E6DC8E1F29396E005FD47C /* libz.tbd in Frameworks */,
				D1E6DC8C1F29395B005FD47C /* Foundation.framework in Frameworks */,
				D1E6DC8A1F293953005FD47C /* CoreMedia.framework in Frameworks */,
				D1E6DC881F29394B005FD47C /* CoreGraphics.framework in Frameworks */,
				D1E6DC861F293944005FD47C /* CFNetwork.framework in Frameworks */,
				D1E6DC841F29393C005FD47C /* AVFoundation.framework in Frameworks */,
				D1E6DC821F293932005FD47C /* AudioToolbox.framework in Frameworks */,
				D1E6DC801F293929005FD47C /* AdSupport.framework in Frameworks */,
			);
			runOnlyForDeploymentPostprocessing = 0;
		};
/* End PBXFrameworksBuildPhase section */

/* Begin PBXGroup section */
		A8B6810A1F216DBB004ECE68 = {
			isa = PBXGroup;
			children = (
				A8B681151F216DBB004ECE68 /* Vungle Sample App Swift */,
				E70F6635D3123EB542357041 /* Frameworks */,
				A8B681141F216DBB004ECE68 /* Products */,
			);
			sourceTree = "<group>";
		};
		A8B681141F216DBB004ECE68 /* Products */ = {
			isa = PBXGroup;
			children = (
				A8B681131F216DBB004ECE68 /* Vungle Sample App Swift.app */,
			);
			name = Products;
			sourceTree = "<group>";
		};
		A8B681151F216DBB004ECE68 /* Vungle Sample App Swift */ = {
			isa = PBXGroup;
			children = (
				A8B681161F216DBB004ECE68 /* AppDelegate.swift */,
				A8B681181F216DBB004ECE68 /* ViewController.swift */,
				A8B6811A1F216DBB004ECE68 /* Main.storyboard */,
				A8B6811D1F216DBB004ECE68 /* Assets.xcassets */,
				A8B6811F1F216DBB004ECE68 /* LaunchScreen.storyboard */,
				A8B681221F216DBB004ECE68 /* Info.plist */,
				A832605B1F2592A800C230EA /* Vungle Sample App Swift-Bridging-Header.h */,
			);
			path = "Vungle Sample App Swift";
			sourceTree = "<group>";
		};
		E70F6635D3123EB542357041 /* Frameworks */ = {
			isa = PBXGroup;
			children = (
				DB9D6CEF208A6FC0008A9AF4 /* VungleSDK.framework */,
				D1E6DC9B1F2939AF005FD47C /* WebKit.framework */,
				D1E6DC991F2939A8005FD47C /* UIKit.framework */,
				D1E6DC971F29399E005FD47C /* SystemConfiguration.framework */,
				D1E6DC951F293994005FD47C /* StoreKit.framework */,
				D1E6DC931F29398D005FD47C /* QuartzCore.framework */,
				D1E6DC911F293986005FD47C /* MediaPlayer.framework */,
				D1E6DC8F1F29397D005FD47C /* libsqlite3.tbd */,
				D1E6DC8D1F29396E005FD47C /* libz.tbd */,
				D1E6DC8B1F29395B005FD47C /* Foundation.framework */,
				D1E6DC891F293953005FD47C /* CoreMedia.framework */,
				D1E6DC871F29394B005FD47C /* CoreGraphics.framework */,
				D1E6DC851F293944005FD47C /* CFNetwork.framework */,
				D1E6DC831F29393C005FD47C /* AVFoundation.framework */,
				D1E6DC811F293932005FD47C /* AudioToolbox.framework */,
				D1E6DC7F1F293929005FD47C /* AdSupport.framework */,
			);
			name = Frameworks;
			sourceTree = "<group>";
		};
/* End PBXGroup section */

/* Begin PBXNativeTarget section */
		A8B681121F216DBB004ECE68 /* Vungle Sample App Swift */ = {
			isa = PBXNativeTarget;
			buildConfigurationList = A8B681251F216DBB004ECE68 /* Build configuration list for PBXNativeTarget "Vungle Sample App Swift" */;
			buildPhases = (
				A8B6810F1F216DBB004ECE68 /* Sources */,
				A8B681101F216DBB004ECE68 /* Frameworks */,
				A8B681111F216DBB004ECE68 /* Resources */,
			);
			buildRules = (
			);
			dependencies = (
			);
			name = "Vungle Sample App Swift";
			productName = "Vungle Sample App Swift";
			productReference = A8B681131F216DBB004ECE68 /* Vungle Sample App Swift.app */;
			productType = "com.apple.product-type.application";
		};
/* End PBXNativeTarget section */

/* Begin PBXProject section */
		A8B6810B1F216DBB004ECE68 /* Project object */ = {
			isa = PBXProject;
			attributes = {
				LastSwiftUpdateCheck = 0830;
				LastUpgradeCheck = 0830;
				ORGANIZATIONNAME = Vungle;
				TargetAttributes = {
					A8B681121F216DBB004ECE68 = {
						CreatedOnToolsVersion = 8.3;
						DevelopmentTeam = APZHY3VA96;
						LastSwiftMigration = 0830;
						ProvisioningStyle = Automatic;
					};
				};
			};
			buildConfigurationList = A8B6810E1F216DBB004ECE68 /* Build configuration list for PBXProject "Vungle Sample App Swift" */;
			compatibilityVersion = "Xcode 3.2";
			developmentRegion = English;
			hasScannedForEncodings = 0;
			knownRegions = (
				en,
				Base,
			);
			mainGroup = A8B6810A1F216DBB004ECE68;
			productRefGroup = A8B681141F216DBB004ECE68 /* Products */;
			projectDirPath = "";
			projectRoot = "";
			targets = (
				A8B681121F216DBB004ECE68 /* Vungle Sample App Swift */,
			);
		};
/* End PBXProject section */

/* Begin PBXResourcesBuildPhase section */
		A8B681111F216DBB004ECE68 /* Resources */ = {
			isa = PBXResourcesBuildPhase;
			buildActionMask = 2147483647;
			files = (
				A8B681211F216DBB004ECE68 /* LaunchScreen.storyboard in Resources */,
				A8B6811E1F216DBB004ECE68 /* Assets.xcassets in Resources */,
				A8B6811C1F216DBB004ECE68 /* Main.storyboard in Resources */,
			);
			runOnlyForDeploymentPostprocessing = 0;
		};
/* End PBXResourcesBuildPhase section */

/* Begin PBXSourcesBuildPhase section */
		A8B6810F1F216DBB004ECE68 /* Sources */ = {
			isa = PBXSourcesBuildPhase;
			buildActionMask = 2147483647;
			files = (
				A8B681191F216DBB004ECE68 /* ViewController.swift in Sources */,
				A8B681171F216DBB004ECE68 /* AppDelegate.swift in Sources */,
			);
			runOnlyForDeploymentPostprocessing = 0;
		};
/* End PBXSourcesBuildPhase section */

/* Begin PBXVariantGroup section */
		A8B6811A1F216DBB004ECE68 /* Main.storyboard */ = {
			isa = PBXVariantGroup;
			children = (
				A8B6811B1F216DBB004ECE68 /* Base */,
			);
			name = Main.storyboard;
			sourceTree = "<group>";
		};
		A8B6811F1F216DBB004ECE68 /* LaunchScreen.storyboard */ = {
			isa = PBXVariantGroup;
			children = (
				A8B681201F216DBB004ECE68 /* Base */,
			);
			name = LaunchScreen.storyboard;
			sourceTree = "<group>";
		};
/* End PBXVariantGroup section */

/* Begin XCBuildConfiguration section */
		A8B681231F216DBB004ECE68 /* Debug */ = {
			isa = XCBuildConfiguration;
			buildSettings = {
				ALWAYS_SEARCH_USER_PATHS = NO;
				CLANG_ANALYZER_NONNULL = YES;
				CLANG_ANALYZER_NUMBER_OBJECT_CONVERSION = YES_AGGRESSIVE;
				CLANG_CXX_LANGUAGE_STANDARD = "gnu++0x";
				CLANG_CXX_LIBRARY = "libc++";
				CLANG_ENABLE_MODULES = YES;
				CLANG_ENABLE_OBJC_ARC = YES;
				CLANG_WARN_BOOL_CONVERSION = YES;
				CLANG_WARN_CONSTANT_CONVERSION = YES;
				CLANG_WARN_DIRECT_OBJC_ISA_USAGE = YES_ERROR;
				CLANG_WARN_DOCUMENTATION_COMMENTS = YES;
				CLANG_WARN_EMPTY_BODY = YES;
				CLANG_WARN_ENUM_CONVERSION = YES;
				CLANG_WARN_INFINITE_RECURSION = YES;
				CLANG_WARN_INT_CONVERSION = YES;
				CLANG_WARN_OBJC_ROOT_CLASS = YES_ERROR;
				CLANG_WARN_SUSPICIOUS_MOVE = YES;
				CLANG_WARN_UNREACHABLE_CODE = YES;
				CLANG_WARN__DUPLICATE_METHOD_MATCH = YES;
				"CODE_SIGN_IDENTITY[sdk=iphoneos*]" = "iPhone Developer";
				COPY_PHASE_STRIP = NO;
				DEBUG_INFORMATION_FORMAT = dwarf;
				ENABLE_STRICT_OBJC_MSGSEND = YES;
				ENABLE_TESTABILITY = YES;
				FRAMEWORK_SEARCH_PATHS = (
					"$(PROJECT_DIR)/../**",
					"$(inherited)",
				);
				GCC_C_LANGUAGE_STANDARD = gnu99;
				GCC_DYNAMIC_NO_PIC = NO;
				GCC_NO_COMMON_BLOCKS = YES;
				GCC_OPTIMIZATION_LEVEL = 0;
				GCC_PREPROCESSOR_DEFINITIONS = (
					"DEBUG=1",
					"$(inherited)",
				);
				GCC_WARN_64_TO_32_BIT_CONVERSION = YES;
				GCC_WARN_ABOUT_RETURN_TYPE = YES_ERROR;
				GCC_WARN_UNDECLARED_SELECTOR = YES;
				GCC_WARN_UNINITIALIZED_AUTOS = YES_AGGRESSIVE;
				GCC_WARN_UNUSED_FUNCTION = YES;
				GCC_WARN_UNUSED_VARIABLE = YES;
				IPHONEOS_DEPLOYMENT_TARGET = 10.3;
				MTL_ENABLE_DEBUG_INFO = YES;
				ONLY_ACTIVE_ARCH = YES;
				SDKROOT = iphoneos;
				SWIFT_ACTIVE_COMPILATION_CONDITIONS = DEBUG;
				SWIFT_OPTIMIZATION_LEVEL = "-Onone";
				TARGETED_DEVICE_FAMILY = "1,2";
			};
			name = Debug;
		};
		A8B681241F216DBB004ECE68 /* Release */ = {
			isa = XCBuildConfiguration;
			buildSettings = {
				ALWAYS_SEARCH_USER_PATHS = NO;
				CLANG_ANALYZER_NONNULL = YES;
				CLANG_ANALYZER_NUMBER_OBJECT_CONVERSION = YES_AGGRESSIVE;
				CLANG_CXX_LANGUAGE_STANDARD = "gnu++0x";
				CLANG_CXX_LIBRARY = "libc++";
				CLANG_ENABLE_MODULES = YES;
				CLANG_ENABLE_OBJC_ARC = YES;
				CLANG_WARN_BOOL_CONVERSION = YES;
				CLANG_WARN_CONSTANT_CONVERSION = YES;
				CLANG_WARN_DIRECT_OBJC_ISA_USAGE = YES_ERROR;
				CLANG_WARN_DOCUMENTATION_COMMENTS = YES;
				CLANG_WARN_EMPTY_BODY = YES;
				CLANG_WARN_ENUM_CONVERSION = YES;
				CLANG_WARN_INFINITE_RECURSION = YES;
				CLANG_WARN_INT_CONVERSION = YES;
				CLANG_WARN_OBJC_ROOT_CLASS = YES_ERROR;
				CLANG_WARN_SUSPICIOUS_MOVE = YES;
				CLANG_WARN_UNREACHABLE_CODE = YES;
				CLANG_WARN__DUPLICATE_METHOD_MATCH = YES;
				"CODE_SIGN_IDENTITY[sdk=iphoneos*]" = "iPhone Developer";
				COPY_PHASE_STRIP = NO;
				DEBUG_INFORMATION_FORMAT = "dwarf-with-dsym";
				ENABLE_NS_ASSERTIONS = NO;
				ENABLE_STRICT_OBJC_MSGSEND = YES;
				FRAMEWORK_SEARCH_PATHS = (
					"$(PROJECT_DIR)/../**",
					"$(inherited)",
				);
				GCC_C_LANGUAGE_STANDARD = gnu99;
				GCC_NO_COMMON_BLOCKS = YES;
				GCC_WARN_64_TO_32_BIT_CONVERSION = YES;
				GCC_WARN_ABOUT_RETURN_TYPE = YES_ERROR;
				GCC_WARN_UNDECLARED_SELECTOR = YES;
				GCC_WARN_UNINITIALIZED_AUTOS = YES_AGGRESSIVE;
				GCC_WARN_UNUSED_FUNCTION = YES;
				GCC_WARN_UNUSED_VARIABLE = YES;
				IPHONEOS_DEPLOYMENT_TARGET = 10.3;
				MTL_ENABLE_DEBUG_INFO = NO;
				SDKROOT = iphoneos;
				SWIFT_OPTIMIZATION_LEVEL = "-Owholemodule";
				TARGETED_DEVICE_FAMILY = "1,2";
				VALIDATE_PRODUCT = YES;
			};
			name = Release;
		};
		A8B681261F216DBB004ECE68 /* Debug */ = {
			isa = XCBuildConfiguration;
			buildSettings = {
				ASSETCATALOG_COMPILER_APPICON_NAME = AppIcon;
				CLANG_ENABLE_MODULES = YES;
				DEVELOPMENT_TEAM = APZHY3VA96;
				FRAMEWORK_SEARCH_PATHS = (
					"$(inherited)",
					"$(PROJECT_DIR)",
				);
				INFOPLIST_FILE = "Vungle Sample App Swift/Info.plist";
				IPHONEOS_DEPLOYMENT_TARGET = 9.0;
				LD_RUNPATH_SEARCH_PATHS = "$(inherited) @executable_path/Frameworks";
				OTHER_LDFLAGS = "-ObjC";
				PRODUCT_BUNDLE_IDENTIFIER = "com.vungle.Vungle-Sample-App-Swift";
				PRODUCT_NAME = "$(TARGET_NAME)";
				SWIFT_OBJC_BRIDGING_HEADER = "Vungle Sample App Swift/Vungle Sample App Swift-Bridging-Header.h";
				SWIFT_OPTIMIZATION_LEVEL = "-Onone";
				SWIFT_VERSION = 3.0;
			};
			name = Debug;
		};
		A8B681271F216DBB004ECE68 /* Release */ = {
			isa = XCBuildConfiguration;
			buildSettings = {
				ASSETCATALOG_COMPILER_APPICON_NAME = AppIcon;
				CLANG_ENABLE_MODULES = YES;
				DEVELOPMENT_TEAM = APZHY3VA96;
				FRAMEWORK_SEARCH_PATHS = (
					"$(inherited)",
					"$(PROJECT_DIR)",
				);
				INFOPLIST_FILE = "Vungle Sample App Swift/Info.plist";
				IPHONEOS_DEPLOYMENT_TARGET = 9.0;
				LD_RUNPATH_SEARCH_PATHS = "$(inherited) @executable_path/Frameworks";
				OTHER_LDFLAGS = "-ObjC";
				PRODUCT_BUNDLE_IDENTIFIER = "com.vungle.Vungle-Sample-App-Swift";
				PRODUCT_NAME = "$(TARGET_NAME)";
				SWIFT_OBJC_BRIDGING_HEADER = "Vungle Sample App Swift/Vungle Sample App Swift-Bridging-Header.h";
				SWIFT_VERSION = 3.0;
			};
			name = Release;
		};
/* End XCBuildConfiguration section */

/* Begin XCConfigurationList section */
		A8B6810E1F216DBB004ECE68 /* Build configuration list for PBXProject "Vungle Sample App Swift" */ = {
			isa = XCConfigurationList;
			buildConfigurations = (
				A8B681231F216DBB004ECE68 /* Debug */,
				A8B681241F216DBB004ECE68 /* Release */,
			);
			defaultConfigurationIsVisible = 0;
			defaultConfigurationName = Release;
		};
		A8B681251F216DBB004ECE68 /* Build configuration list for PBXNativeTarget "Vungle Sample App Swift" */ = {
			isa = XCConfigurationList;
			buildConfigurations = (
				A8B681261F216DBB004ECE68 /* Debug */,
				A8B681271F216DBB004ECE68 /* Release */,
			);
			defaultConfigurationIsVisible = 0;
			defaultConfigurationName = Release;
		};
/* End XCConfigurationList section */
	};
	rootObject = A8B6810B1F216DBB004ECE68 /* Project object */;
}
